// !$*UTF8*$!
{
	archiveVersion = 1;
	classes = {
	};
	objectVersion = 46;
	objects = {

/* Begin PBXBuildFile section */
		12FCBAB41E2442C6004B0344 /* AppDelegate.swift in Sources */ = {isa = PBXBuildFile; fileRef = 12FCBAB31E2442C6004B0344 /* AppDelegate.swift */; };
		12FCBAB61E2442C6004B0344 /* ViewController.swift in Sources */ = {isa = PBXBuildFile; fileRef = 12FCBAB51E2442C6004B0344 /* ViewController.swift */; };
		12FCBAB91E2442C6004B0344 /* Main.storyboard in Resources */ = {isa = PBXBuildFile; fileRef = 12FCBAB71E2442C6004B0344 /* Main.storyboard */; };
		12FCBABB1E2442C6004B0344 /* Assets.xcassets in Resources */ = {isa = PBXBuildFile; fileRef = 12FCBABA1E2442C6004B0344 /* Assets.xcassets */; };
		12FCBABE1E2442C6004B0344 /* LaunchScreen.storyboard in Resources */ = {isa = PBXBuildFile; fileRef = 12FCBABC1E2442C6004B0344 /* LaunchScreen.storyboard */; };
/* End PBXBuildFile section */

/* Begin PBXFileReference section */
		12FCBAB01E2442C6004B0344 /* Button Interactive.app */ = {isa = PBXFileReference; explicitFileType = wrapper.application; includeInIndex = 0; path = "Button Interactive.app"; sourceTree = BUILT_PRODUCTS_DIR; };
		12FCBAB31E2442C6004B0344 /* AppDelegate.swift */ = {isa = PBXFileReference; lastKnownFileType = sourcecode.swift; path = AppDelegate.swift; sourceTree = "<group>"; };
		12FCBAB51E2442C6004B0344 /* ViewController.swift */ = {isa = PBXFileReference; lastKnownFileType = sourcecode.swift; path = ViewController.swift; sourceTree = "<group>"; };
		12FCBAB81E2442C6004B0344 /* Base */ = {isa = PBXFileReference; lastKnownFileType = file.storyboard; name = Base; path = Base.lproj/Main.storyboard; sourceTree = "<group>"; };
		12FCBABA1E2442C6004B0344 /* Assets.xcassets */ = {isa = PBXFileReference; lastKnownFileType = folder.assetcatalog; path = Assets.xcassets; sourceTree = "<group>"; };
		12FCBABD1E2442C6004B0344 /* Base */ = {isa = PBXFileReference; lastKnownFileType = file.storyboard; name = Base; path = Base.lproj/LaunchScreen.storyboard; sourceTree = "<group>"; };
		12FCBABF1E2442C6004B0344 /* Info.plist */ = {isa = PBXFileReference; lastKnownFileType = text.plist.xml; path = Info.plist; sourceTree = "<group>"; };
/* End PBXFileReference section */

/* Begin PBXFrameworksBuildPhase section */
		12FCBAAD1E2442C6004B0344 /* Frameworks */ = {
			isa = PBXFrameworksBuildPhase;
			buildActionMask = 2147483647;
			files = (
			);
			runOnlyForDeploymentPostprocessing = 0;
		};
/* End PBXFrameworksBuildPhase section */

/* Begin PBXGroup section */
		12FCBAA71E2442C6004B0344 = {
			isa = PBXGroup;
			children = (
				12FCBAB21E2442C6004B0344 /* Button Interactive */,
				12FCBAB11E2442C6004B0344 /* Products */,
			);
			sourceTree = "<group>";
		};
		12FCBAB11E2442C6004B0344 /* Products */ = {
			isa = PBXGroup;
			children = (
				12FCBAB01E2442C6004B0344 /* Button Interactive.app */,
			);
			name = Products;
			sourceTree = "<group>";
		};
		12FCBAB21E2442C6004B0344 /* Button Interactive */ = {
			isa = PBXGroup;
			children = (
				12FCBAB31E2442C6004B0344 /* AppDelegate.swift */,
				12FCBAB51E2442C6004B0344 /* ViewController.swift */,
				12FCBAB71E2442C6004B0344 /* Main.storyboard */,
				12FCBABA1E2442C6004B0344 /* Assets.xcassets */,
				12FCBABC1E2442C6004B0344 /* LaunchScreen.storyboard */,
				12FCBABF1E2442C6004B0344 /* Info.plist */,
			);
			path = "Button Interactive";
			sourceTree = "<group>";
		};
/* End PBXGroup section */

/* Begin PBXNativeTarget section */
		12FCBAAF1E2442C6004B0344 /* Button Interactive */ = {
			isa = PBXNativeTarget;
			buildConfigurationList = 12FCBAC21E2442C6004B0344 /* Build configuration list for PBXNativeTarget "Button Interactive" */;
			buildPhases = (
				12FCBAAC1E2442C6004B0344 /* Sources */,
				12FCBAAD1E2442C6004B0344 /* Frameworks */,
				12FCBAAE1E2442C6004B0344 /* Resources */,
			);
			buildRules = (
			);
			dependencies = (
			);
			name = "Button Interactive";
			productName = "Button Interactive";
			productReference = 12FCBAB01E2442C6004B0344 /* Button Interactive.app */;
			productType = "com.apple.product-type.application";
		};
/* End PBXNativeTarget section */

/* Begin PBXProject section */
		12FCBAA81E2442C6004B0344 /* Project object */ = {
			isa = PBXProject;
			attributes = {
				LastSwiftUpdateCheck = 0820;
				LastUpgradeCheck = 0820;
				ORGANIZATIONNAME = "Tomasz Lipski";
				TargetAttributes = {
					12FCBAAF1E2442C6004B0344 = {
						CreatedOnToolsVersion = 8.2.1;
						ProvisioningStyle = Automatic;
					};
				};
			};
			buildConfigurationList = 12FCBAAB1E2442C6004B0344 /* Build configuration list for PBXProject "Button Interactive" */;
			compatibilityVersion = "Xcode 3.2";
			developmentRegion = English;
			hasScannedForEncodings = 0;
			knownRegions = (
				en,
				Base,
			);
			mainGroup = 12FCBAA71E2442C6004B0344;
			productRefGroup = 12FCBAB11E2442C6004B0344 /* Products */;
			projectDirPath = "";
			projectRoot = "";
			targets = (
				12FCBAAF1E2442C6004B0344 /* Button Interactive */,
			);
		};
/* End PBXProject section */

/* Begin PBXResourcesBuildPhase section */
		12FCBAAE1E2442C6004B0344 /* Resources */ = {
			isa = PBXResourcesBuildPhase;
			buildActionMask = 2147483647;
			files = (
				12FCBABE1E2442C6004B0344 /* LaunchScreen.storyboard in Resources */,
				12FCBABB1E2442C6004B0344 /* Assets.xcassets in Resources */,
				12FCBAB91E2442C6004B0344 /* Main.storyboard in Resources */,
			);
			runOnlyForDeploymentPostprocessing = 0;
		};
/* End PBXResourcesBuildPhase section */

/* Begin PBXSourcesBuildPhase section */
		12FCBAAC1E2442C6004B0344 /* Sources */ = {
			isa = PBXSourcesBuildPhase;
			buildActionMask = 2147483647;
			files = (
				12FCBAB61E2442C6004B0344 /* ViewController.swift in Sources */,
				12FCBAB41E2442C6004B0344 /* AppDelegate.swift in Sources */,
			);
			runOnlyForDeploymentPostprocessing = 0;
		};
/* End PBXSourcesBuildPhase section */

/* Begin PBXVariantGroup section */
		12FCBAB71E2442C6004B0344 /* Main.storyboard */ = {
			isa = PBXVariantGroup;
			children = (
				12FCBAB81E2442C6004B0344 /* Base */,
			);
			name = Main.storyboard;
			sourceTree = "<group>";
		};
		12FCBABC1E2442C6004B0344 /* LaunchScreen.storyboard */ = {
			isa = PBXVariantGroup;
			children = (
				12FCBABD1E2442C6004B0344 /* Base */,
			);
			name = LaunchScreen.storyboard;
			sourceTree = "<group>";
		};
/* End PBXVariantGroup section */

/* Begin XCBuildConfiguration section */
		12FCBAC01E2442C6004B0344 /* Debug */ = {
			isa = XCBuildConfiguration;
			buildSettings = {
				ALWAYS_SEARCH_USER_PATHS = NO;
				CLANG_ANALYZER_NONNULL = YES;
				CLANG_CXX_LANGUAGE_STANDARD = "gnu++0x";
				CLANG_CXX_LIBRARY = "libc++";
				CLANG_ENABLE_MODULES = YES;
				CLANG_ENABLE_OBJC_ARC = YES;
				CLANG_WARN_BOOL_CONVERSION = YES;
				CLANG_WARN_CONSTANT_CONVERSION = YES;
				CLANG_WARN_DIRECT_OBJC_ISA_USAGE = YES_ERROR;
				CLANG_WARN_DOCUMENTATION_COMMENTS = YES;
				CLANG_WARN_EMPTY_BODY = YES;
				CLANG_WARN_ENUM_CONVERSION = YES;
				CLANG_WARN_INFINITE_RECURSION = YES;
				CLANG_WARN_INT_CONVERSION = YES;
				CLANG_WARN_OBJC_ROOT_CLASS = YES_ERROR;
				CLANG_WARN_SUSPICIOUS_MOVE = YES;
				CLANG_WARN_UNREACHABLE_CODE = YES;
				CLANG_WARN__DUPLICATE_METHOD_MATCH = YES;
				"CODE_SIGN_IDENTITY[sdk=iphoneos*]" = "iPhone Developer";
				COPY_PHASE_STRIP = NO;
				DEBUG_INFORMATION_FORMAT = dwarf;
				ENABLE_STRICT_OBJC_MSGSEND = YES;
				ENABLE_TESTABILITY = YES;
				GCC_C_LANGUAGE_STANDARD = gnu99;
				GCC_DYNAMIC_NO_PIC = NO;
				GCC_NO_COMMON_BLOCKS = YES;
				GCC_OPTIMIZATION_LEVEL = 0;
				GCC_PREPROCESSOR_DEFINITIONS = (
					"DEBUG=1",
					"$(inherited)",
				);
				GCC_WARN_64_TO_32_BIT_CONVERSION = YES;
				GCC_WARN_ABOUT_RETURN_TYPE = YES_ERROR;
				GCC_WARN_UNDECLARED_SELECTOR = YES;
				GCC_WARN_UNINITIALIZED_AUTOS = YES_AGGRESSIVE;
				GCC_WARN_UNUSED_FUNCTION = YES;
				GCC_WARN_UNUSED_VARIABLE = YES;
				IPHONEOS_DEPLOYMENT_TARGET = 10.2;
				MTL_ENABLE_DEBUG_INFO = YES;
				ONLY_ACTIVE_ARCH = YES;
				SDKROOT = iphoneos;
				SWIFT_ACTIVE_COMPILATION_CONDITIONS = DEBUG;
				SWIFT_OPTIMIZATION_LEVEL = "-Onone";
			};
			name = Debug;
		};
		12FCBAC11E2442C6004B0344 /* Release */ = {
			isa = XCBuildConfiguration;
			buildSettings = {
				ALWAYS_SEARCH_USER_PATHS = NO;
				CLANG_ANALYZER_NONNULL = YES;
				CLANG_CXX_LANGUAGE_STANDARD = "gnu++0x";
				CLANG_CXX_LIBRARY = "libc++";
				CLANG_ENABLE_MODULES = YES;
				CLANG_ENABLE_OBJC_ARC = YES;
				CLANG_WARN_BOOL_CONVERSION = YES;
				CLANG_WARN_CONSTANT_CONVERSION = YES;
				CLANG_WARN_DIRECT_OBJC_ISA_USAGE = YES_ERROR;
				CLANG_WARN_DOCUMENTATION_COMMENTS = YES;
				CLANG_WARN_EMPTY_BODY = YES;
				CLANG_WARN_ENUM_CONVERSION = YES;
				CLANG_WARN_INFINITE_RECURSION = YES;
				CLANG_WARN_INT_CONVERSION = YES;
				CLANG_WARN_OBJC_ROOT_CLASS = YES_ERROR;
				CLANG_WARN_SUSPICIOUS_MOVE = YES;
				CLANG_WARN_UNREACHABLE_CODE = YES;
				CLANG_WARN__DUPLICATE_METHOD_MATCH = YES;
				"CODE_SIGN_IDENTITY[sdk=iphoneos*]" = "iPhone Developer";
				COPY_PHASE_STRIP = NO;
				DEBUG_INFORMATION_FORMAT = "dwarf-with-dsym";
				ENABLE_NS_ASSERTIONS = NO;
				ENABLE_STRICT_OBJC_MSGSEND = YES;
				GCC_C_LANGUAGE_STANDARD = gnu99;
				GCC_NO_COMMON_BLOCKS = YES;
				GCC_WARN_64_TO_32_BIT_CONVERSION = YES;
				GCC_WARN_ABOUT_RETURN_TYPE = YES_ERROR;
				GCC_WARN_UNDECLARED_SELECTOR = YES;
				GCC_WARN_UNINITIALIZED_AUTOS = YES_AGGRESSIVE;
				GCC_WARN_UNUSED_FUNCTION = YES;
				GCC_WARN_UNUSED_VARIABLE = YES;
				IPHONEOS_DEPLOYMENT_TARGET = 10.2;
				MTL_ENABLE_DEBUG_INFO = NO;
				SDKROOT = iphoneos;
				SWIFT_OPTIMIZATION_LEVEL = "-Owholemodule";
				VALIDATE_PRODUCT = YES;
			};
			name = Release;
		};
		12FCBAC31E2442C6004B0344 /* Debug */ = {
			isa = XCBuildConfiguration;
			buildSettings = {
				ASSETCATALOG_COMPILER_APPICON_NAME = AppIcon;
				INFOPLIST_FILE = "Button Interactive/Info.plist";
				LD_RUNPATH_SEARCH_PATHS = "$(inherited) @executable_path/Frameworks";
				PRODUCT_BUNDLE_IDENTIFIER = "com.tomaszlipski.Button-Interactive";
				PRODUCT_NAME = "$(TARGET_NAME)";
				SWIFT_VERSION = 3.0;
			};
			name = Debug;
		};
		12FCBAC41E2442C6004B0344 /* Release */ = {
			isa = XCBuildConfiguration;
			buildSettings = {
				ASSETCATALOG_COMPILER_APPICON_NAME = AppIcon;
				INFOPLIST_FILE = "Button Interactive/Info.plist";
				LD_RUNPATH_SEARCH_PATHS = "$(inherited) @executable_path/Frameworks";
				PRODUCT_BUNDLE_IDENTIFIER = "com.tomaszlipski.Button-Interactive";
				PRODUCT_NAME = "$(TARGET_NAME)";
				SWIFT_VERSION = 3.0;
			};
			name = Release;
		};
/* End XCBuildConfiguration section */

/* Begin XCConfigurationList section */
		12FCBAAB1E2442C6004B0344 /* Build configuration list for PBXProject "Button Interactive" */ = {
			isa = XCConfigurationList;
			buildConfigurations = (
				12FCBAC01E2442C6004B0344 /* Debug */,
				12FCBAC11E2442C6004B0344 /* Release */,
			);
			defaultConfigurationIsVisible = 0;
			defaultConfigurationName = Release;
		};
		12FCBAC21E2442C6004B0344 /* Build configuration list for PBXNativeTarget "Button Interactive" */ = {
			isa = XCConfigurationList;
			buildConfigurations = (
				12FCBAC31E2442C6004B0344 /* Debug */,
				12FCBAC41E2442C6004B0344 /* Release */,
			);
			defaultConfigurationIsVisible = 0;
		};
/* End XCConfigurationList section */
	};
	rootObject = 12FCBAA81E2442C6004B0344 /* Project object */;
}
